
Microsoft Visual Studio Solution File, Format Version 12.00
# Visual Studio 2013
VisualStudioVersion = 12.0.21005.1
MinimumVisualStudioVersion = 10.0.40219.1
Project("{FAE04EC0-301F-11D3-BF4B-00C04F79EFBC}") = "First lesson", "First lesson\First lesson.csproj", "{9AD2E85F-AD8F-481E-9C59-474F5181D5E1}"
EndProject
Project("{FAE04EC0-301F-11D3-BF4B-00C04F79EFBC}") = "CinemaAdviser", "CinemaAdviser\CinemaAdviser.csproj", "{C04ED0BF-118F-46D6-AC63-37C886DCBE6A}"
EndProject
Project("{FAE04EC0-301F-11D3-BF4B-00C04F79EFBC}") = "TurtleTraning", "TurtleTraning\TurtleTraning.csproj", "{E9387B97-A03C-4FE5-81DA-D9DB0696D297}"
EndProject
Global
	GlobalSection(SolutionConfigurationPlatforms) = preSolution
		Debug|Any CPU = Debug|Any CPU
		Release|Any CPU = Release|Any CPU
	EndGlobalSection
	GlobalSection(ProjectConfigurationPlatforms) = postSolution
		{9AD2E85F-AD8F-481E-9C59-474F5181D5E1}.Debug|Any CPU.ActiveCfg = Debug|Any CPU
		{9AD2E85F-AD8F-481E-9C59-474F5181D5E1}.Debug|Any CPU.Build.0 = Debug|Any CPU
		{9AD2E85F-AD8F-481E-9C59-474F5181D5E1}.Release|Any CPU.ActiveCfg = Release|Any CPU
		{9AD2E85F-AD8F-481E-9C59-474F5181D5E1}.Release|Any CPU.Build.0 = Release|Any CPU
		{C04ED0BF-118F-46D6-AC63-37C886DCBE6A}.Debug|Any CPU.ActiveCfg = Debug|Any CPU
		{C04ED0BF-118F-46D6-AC63-37C886DCBE6A}.Debug|Any CPU.Build.0 = Debug|Any CPU
		{C04ED0BF-118F-46D6-AC63-37C886DCBE6A}.Release|Any CPU.ActiveCfg = Release|Any CPU
		{C04ED0BF-118F-46D6-AC63-37C886DCBE6A}.Release|Any CPU.Build.0 = Release|Any CPU
		{E9387B97-A03C-4FE5-81DA-D9DB0696D297}.Debug|Any CPU.ActiveCfg = Debug|Any CPU
		{E9387B97-A03C-4FE5-81DA-D9DB0696D297}.Debug|Any CPU.Build.0 = Debug|Any CPU
		{E9387B97-A03C-4FE5-81DA-D9DB0696D297}.Release|Any CPU.ActiveCfg = Release|Any CPU
		{E9387B97-A03C-4FE5-81DA-D9DB0696D297}.Release|Any CPU.Build.0 = Release|Any CPU
	EndGlobalSection
	GlobalSection(SolutionProperties) = preSolution
		HideSolutionNode = FALSE
	EndGlobalSection
EndGlobal
